
Microsoft Visual Studio Solution File, Format Version 12.00
# Visual Studio Version 17
VisualStudioVersion = 17.14.36414.22 d17.14
MinimumVisualStudioVersion = 10.0.40219.1
Project("{FAE04EC0-301F-11D3-BF4B-00C04F79EFBC}") = "Introducao_C_Sharp", "Introducao_C_Sharp\Introducao_C_Sharp.csproj", "{6DE1C4C8-454B-44A4-AF8C-8F523D9457B2}"
EndProject
Global
	GlobalSection(SolutionConfigurationPlatforms) = preSolution
		Debug|Any CPU = Debug|Any CPU
		Release|Any CPU = Release|Any CPU
	EndGlobalSection
	GlobalSection(ProjectConfigurationPlatforms) = postSolution
		{6DE1C4C8-454B-44A4-AF8C-8F523D9457B2}.Debug|Any CPU.ActiveCfg = Debug|Any CPU
		{6DE1C4C8-454B-44A4-AF8C-8F523D9457B2}.Debug|Any CPU.Build.0 = Debug|Any CPU
		{6DE1C4C8-454B-44A4-AF8C-8F523D9457B2}.Release|Any CPU.ActiveCfg = Release|Any CPU
		{6DE1C4C8-454B-44A4-AF8C-8F523D9457B2}.Release|Any CPU.Build.0 = Release|Any CPU
	EndGlobalSection
	GlobalSection(SolutionProperties) = preSolution
		HideSolutionNode = FALSE
	EndGlobalSection
	GlobalSection(ExtensibilityGlobals) = postSolution
		SolutionGuid = {902D4B06-9A5F-4555-B895-C670CB51DA04}
	EndGlobalSection
EndGlobal
